
Microsoft Visual Studio Solution File, Format Version 12.00
# Visual Studio Version 16
VisualStudioVersion = 16.0.30907.101
MinimumVisualStudioVersion = 10.0.40219.1
Project("{FAE04EC0-301F-11D3-BF4B-00C04F79EFBC}") = "Phanmemquanlyquancafe", "Phanmemquanlyquancafe.csproj", "{D7DB8BE7-F39C-437C-ADAA-F9754507CF6B}"
EndProject
Global
	GlobalSection(SolutionConfigurationPlatforms) = preSolution
		Debug|Any CPU = Debug|Any CPU
		Release|Any CPU = Release|Any CPU
	EndGlobalSection
	GlobalSection(ProjectConfigurationPlatforms) = postSolution
		{D7DB8BE7-F39C-437C-ADAA-F9754507CF6B}.Debug|Any CPU.ActiveCfg = Debug|Any CPU
		{D7DB8BE7-F39C-437C-ADAA-F9754507CF6B}.Debug|Any CPU.Build.0 = Debug|Any CPU
		{D7DB8BE7-F39C-437C-ADAA-F9754507CF6B}.Release|Any CPU.ActiveCfg = Release|Any CPU
		{D7DB8BE7-F39C-437C-ADAA-F9754507CF6B}.Release|Any CPU.Build.0 = Release|Any CPU
	EndGlobalSection
	GlobalSection(SolutionProperties) = preSolution
		HideSolutionNode = FALSE
	EndGlobalSection
	GlobalSection(ExtensibilityGlobals) = postSolution
		SolutionGuid = {D73B9737-31F1-4BC2-9978-200CE991563C}
	EndGlobalSection
EndGlobal
